
Microsoft Visual Studio Solution File, Format Version 12.00
# Visual Studio 15
VisualStudioVersion = 15.0.28307.539
MinimumVisualStudioVersion = 10.0.40219.1
Project("{FAE04EC0-301F-11D3-BF4B-00C04F79EFBC}") = "01_ArithmeticOperators", "01_ArithmeticOperators\01_ArithmeticOperators.csproj", "{A0ECCC59-1E24-4A95-9480-FB1C4BAED993}"
EndProject
Project("{FAE04EC0-301F-11D3-BF4B-00C04F79EFBC}") = "02_AssignmentOperators", "02_AssignmentOperators\02_AssignmentOperators.csproj", "{3FF4A386-ADE7-4045-B8D7-6EC0A9FC5D55}"
EndProject
Project("{FAE04EC0-301F-11D3-BF4B-00C04F79EFBC}") = "03_ComparisonOperators", "03_ComparisonOperators\03_ComparisonOperators.csproj", "{DAFA6841-24AB-432C-9315-785B5BF206DF}"
EndProject
Project("{FAE04EC0-301F-11D3-BF4B-00C04F79EFBC}") = "04_LogicalOperators", "04_LogicalOperators\04_LogicalOperators.csproj", "{4E88D700-12A1-4FB8-ABBA-A0F0E6870DA4}"
EndProject
Global
	GlobalSection(SolutionConfigurationPlatforms) = preSolution
		Debug|Any CPU = Debug|Any CPU
		Release|Any CPU = Release|Any CPU
	EndGlobalSection
	GlobalSection(ProjectConfigurationPlatforms) = postSolution
		{A0ECCC59-1E24-4A95-9480-FB1C4BAED993}.Debug|Any CPU.ActiveCfg = Debug|Any CPU
		{A0ECCC59-1E24-4A95-9480-FB1C4BAED993}.Debug|Any CPU.Build.0 = Debug|Any CPU
		{A0ECCC59-1E24-4A95-9480-FB1C4BAED993}.Release|Any CPU.ActiveCfg = Release|Any CPU
		{A0ECCC59-1E24-4A95-9480-FB1C4BAED993}.Release|Any CPU.Build.0 = Release|Any CPU
		{3FF4A386-ADE7-4045-B8D7-6EC0A9FC5D55}.Debug|Any CPU.ActiveCfg = Debug|Any CPU
		{3FF4A386-ADE7-4045-B8D7-6EC0A9FC5D55}.Debug|Any CPU.Build.0 = Debug|Any CPU
		{3FF4A386-ADE7-4045-B8D7-6EC0A9FC5D55}.Release|Any CPU.ActiveCfg = Release|Any CPU
		{3FF4A386-ADE7-4045-B8D7-6EC0A9FC5D55}.Release|Any CPU.Build.0 = Release|Any CPU
		{DAFA6841-24AB-432C-9315-785B5BF206DF}.Debug|Any CPU.ActiveCfg = Debug|Any CPU
		{DAFA6841-24AB-432C-9315-785B5BF206DF}.Debug|Any CPU.Build.0 = Debug|Any CPU
		{DAFA6841-24AB-432C-9315-785B5BF206DF}.Release|Any CPU.ActiveCfg = Release|Any CPU
		{DAFA6841-24AB-432C-9315-785B5BF206DF}.Release|Any CPU.Build.0 = Release|Any CPU
		{4E88D700-12A1-4FB8-ABBA-A0F0E6870DA4}.Debug|Any CPU.ActiveCfg = Debug|Any CPU
		{4E88D700-12A1-4FB8-ABBA-A0F0E6870DA4}.Debug|Any CPU.Build.0 = Debug|Any CPU
		{4E88D700-12A1-4FB8-ABBA-A0F0E6870DA4}.Release|Any CPU.ActiveCfg = Release|Any CPU
		{4E88D700-12A1-4FB8-ABBA-A0F0E6870DA4}.Release|Any CPU.Build.0 = Release|Any CPU
	EndGlobalSection
	GlobalSection(SolutionProperties) = preSolution
		HideSolutionNode = FALSE
	EndGlobalSection
	GlobalSection(ExtensibilityGlobals) = postSolution
		SolutionGuid = {593B42EE-3941-4F7D-8283-8D6A09160150}
	EndGlobalSection
EndGlobal
