
Microsoft Visual Studio Solution File, Format Version 12.00
# Visual Studio 15
VisualStudioVersion = 15.0.28307.539
MinimumVisualStudioVersion = 10.0.40219.1
Project("{FAE04EC0-301F-11D3-BF4B-00C04F79EFBC}") = "01_WhileLoops", "01_WhileLoops\01_WhileLoops.csproj", "{88305843-AFE3-4407-829C-9B23C980DA86}"
EndProject
Project("{FAE04EC0-301F-11D3-BF4B-00C04F79EFBC}") = "ForLoops", "ForLoops\ForLoops.csproj", "{AD93B4E9-4CED-48C1-8EFA-298DF4D83B90}"
EndProject
Global
	GlobalSection(SolutionConfigurationPlatforms) = preSolution
		Debug|Any CPU = Debug|Any CPU
		Release|Any CPU = Release|Any CPU
	EndGlobalSection
	GlobalSection(ProjectConfigurationPlatforms) = postSolution
		{88305843-AFE3-4407-829C-9B23C980DA86}.Debug|Any CPU.ActiveCfg = Debug|Any CPU
		{88305843-AFE3-4407-829C-9B23C980DA86}.Debug|Any CPU.Build.0 = Debug|Any CPU
		{88305843-AFE3-4407-829C-9B23C980DA86}.Release|Any CPU.ActiveCfg = Release|Any CPU
		{88305843-AFE3-4407-829C-9B23C980DA86}.Release|Any CPU.Build.0 = Release|Any CPU
		{AD93B4E9-4CED-48C1-8EFA-298DF4D83B90}.Debug|Any CPU.ActiveCfg = Debug|Any CPU
		{AD93B4E9-4CED-48C1-8EFA-298DF4D83B90}.Debug|Any CPU.Build.0 = Debug|Any CPU
		{AD93B4E9-4CED-48C1-8EFA-298DF4D83B90}.Release|Any CPU.ActiveCfg = Release|Any CPU
		{AD93B4E9-4CED-48C1-8EFA-298DF4D83B90}.Release|Any CPU.Build.0 = Release|Any CPU
	EndGlobalSection
	GlobalSection(SolutionProperties) = preSolution
		HideSolutionNode = FALSE
	EndGlobalSection
	GlobalSection(ExtensibilityGlobals) = postSolution
		SolutionGuid = {B4565A70-BFB5-47D1-ACDB-6EF1D07130D2}
	EndGlobalSection
EndGlobal
