
Microsoft Visual Studio Solution File, Format Version 12.00
# Visual Studio 15
VisualStudioVersion = 15.0.28307.539
MinimumVisualStudioVersion = 10.0.40219.1
Project("{FAE04EC0-301F-11D3-BF4B-00C04F79EFBC}") = "01_WriteAndWriteLine", "01_WriteAndWriteLine\01_WriteAndWriteLine.csproj", "{863186B8-755A-4DA3-8792-283AD07909B7}"
EndProject
Project("{FAE04EC0-301F-11D3-BF4B-00C04F79EFBC}") = "02_OutputSpecialCharsToconsole", "02_OutputSpecialCharsToconsole\02_OutputSpecialCharsToconsole.csproj", "{264DFF42-E961-46E4-8249-2B15BAB4D19A}"
EndProject
Project("{FAE04EC0-301F-11D3-BF4B-00C04F79EFBC}") = "03_FormattingOutputs", "03_FormattingOutputs\03_FormattingOutputs.csproj", "{38DF1CD5-D780-47D5-A7E3-3778CAC08062}"
EndProject
Project("{FAE04EC0-301F-11D3-BF4B-00C04F79EFBC}") = "04_ReadFromConsole", "04_ReadFromConsole\04_ReadFromConsole.csproj", "{12680BB3-DA0D-49B4-BB5F-2BF20FD17117}"
EndProject
Project("{FAE04EC0-301F-11D3-BF4B-00C04F79EFBC}") = "05_ReadKeysFromConsole", "05_ReadKeysFromConsole\05_ReadKeysFromConsole.csproj", "{8807AFFA-54D0-4779-A785-7FFC0C90B636}"
EndProject
Project("{FAE04EC0-301F-11D3-BF4B-00C04F79EFBC}") = "06_ChangeConsoleColors", "06_ChangeConsoleColors\06_ChangeConsoleColors.csproj", "{0BF79782-F01C-4281-886B-CD2DD78F173F}"
EndProject
Project("{FAE04EC0-301F-11D3-BF4B-00C04F79EFBC}") = "07_ConsoleCursorSettings", "07_ConsoleCursorSettings\07_ConsoleCursorSettings.csproj", "{5D741180-CB96-4AEF-8718-AE910242D140}"
EndProject
Project("{FAE04EC0-301F-11D3-BF4B-00C04F79EFBC}") = "08_ConsoleWindowSize", "08_ConsoleWindowSize\08_ConsoleWindowSize.csproj", "{E6777A31-5870-434C-98D2-3F9501B113F1}"
EndProject
Global
	GlobalSection(SolutionConfigurationPlatforms) = preSolution
		Debug|Any CPU = Debug|Any CPU
		Release|Any CPU = Release|Any CPU
	EndGlobalSection
	GlobalSection(ProjectConfigurationPlatforms) = postSolution
		{863186B8-755A-4DA3-8792-283AD07909B7}.Debug|Any CPU.ActiveCfg = Debug|Any CPU
		{863186B8-755A-4DA3-8792-283AD07909B7}.Debug|Any CPU.Build.0 = Debug|Any CPU
		{863186B8-755A-4DA3-8792-283AD07909B7}.Release|Any CPU.ActiveCfg = Release|Any CPU
		{863186B8-755A-4DA3-8792-283AD07909B7}.Release|Any CPU.Build.0 = Release|Any CPU
		{264DFF42-E961-46E4-8249-2B15BAB4D19A}.Debug|Any CPU.ActiveCfg = Debug|Any CPU
		{264DFF42-E961-46E4-8249-2B15BAB4D19A}.Debug|Any CPU.Build.0 = Debug|Any CPU
		{264DFF42-E961-46E4-8249-2B15BAB4D19A}.Release|Any CPU.ActiveCfg = Release|Any CPU
		{264DFF42-E961-46E4-8249-2B15BAB4D19A}.Release|Any CPU.Build.0 = Release|Any CPU
		{38DF1CD5-D780-47D5-A7E3-3778CAC08062}.Debug|Any CPU.ActiveCfg = Debug|Any CPU
		{38DF1CD5-D780-47D5-A7E3-3778CAC08062}.Debug|Any CPU.Build.0 = Debug|Any CPU
		{38DF1CD5-D780-47D5-A7E3-3778CAC08062}.Release|Any CPU.ActiveCfg = Release|Any CPU
		{38DF1CD5-D780-47D5-A7E3-3778CAC08062}.Release|Any CPU.Build.0 = Release|Any CPU
		{12680BB3-DA0D-49B4-BB5F-2BF20FD17117}.Debug|Any CPU.ActiveCfg = Debug|Any CPU
		{12680BB3-DA0D-49B4-BB5F-2BF20FD17117}.Debug|Any CPU.Build.0 = Debug|Any CPU
		{12680BB3-DA0D-49B4-BB5F-2BF20FD17117}.Release|Any CPU.ActiveCfg = Release|Any CPU
		{12680BB3-DA0D-49B4-BB5F-2BF20FD17117}.Release|Any CPU.Build.0 = Release|Any CPU
		{8807AFFA-54D0-4779-A785-7FFC0C90B636}.Debug|Any CPU.ActiveCfg = Debug|Any CPU
		{8807AFFA-54D0-4779-A785-7FFC0C90B636}.Debug|Any CPU.Build.0 = Debug|Any CPU
		{8807AFFA-54D0-4779-A785-7FFC0C90B636}.Release|Any CPU.ActiveCfg = Release|Any CPU
		{8807AFFA-54D0-4779-A785-7FFC0C90B636}.Release|Any CPU.Build.0 = Release|Any CPU
		{0BF79782-F01C-4281-886B-CD2DD78F173F}.Debug|Any CPU.ActiveCfg = Debug|Any CPU
		{0BF79782-F01C-4281-886B-CD2DD78F173F}.Debug|Any CPU.Build.0 = Debug|Any CPU
		{0BF79782-F01C-4281-886B-CD2DD78F173F}.Release|Any CPU.ActiveCfg = Release|Any CPU
		{0BF79782-F01C-4281-886B-CD2DD78F173F}.Release|Any CPU.Build.0 = Release|Any CPU
		{5D741180-CB96-4AEF-8718-AE910242D140}.Debug|Any CPU.ActiveCfg = Debug|Any CPU
		{5D741180-CB96-4AEF-8718-AE910242D140}.Debug|Any CPU.Build.0 = Debug|Any CPU
		{5D741180-CB96-4AEF-8718-AE910242D140}.Release|Any CPU.ActiveCfg = Release|Any CPU
		{5D741180-CB96-4AEF-8718-AE910242D140}.Release|Any CPU.Build.0 = Release|Any CPU
		{E6777A31-5870-434C-98D2-3F9501B113F1}.Debug|Any CPU.ActiveCfg = Debug|Any CPU
		{E6777A31-5870-434C-98D2-3F9501B113F1}.Debug|Any CPU.Build.0 = Debug|Any CPU
		{E6777A31-5870-434C-98D2-3F9501B113F1}.Release|Any CPU.ActiveCfg = Release|Any CPU
		{E6777A31-5870-434C-98D2-3F9501B113F1}.Release|Any CPU.Build.0 = Release|Any CPU
	EndGlobalSection
	GlobalSection(SolutionProperties) = preSolution
		HideSolutionNode = FALSE
	EndGlobalSection
	GlobalSection(ExtensibilityGlobals) = postSolution
		SolutionGuid = {83DDCCD4-EF8F-4008-882C-2540F4CEF079}
	EndGlobalSection
EndGlobal
